
Microsoft Visual Studio Solution File, Format Version 12.00
# Visual Studio Version 17
VisualStudioVersion = 17.0.31815.197
MinimumVisualStudioVersion = 10.0.40219.1
Project("{54A90642-561A-4BB1-A94E-469ADEE60C69}") = "MobileClient", "MobileClient\MobileClient.esproj", "{2C38A081-7B45-4690-A679-1BEB67238C0E}"
EndProject
Project("{FAE04EC0-301F-11D3-BF4B-00C04F79EFBC}") = "MobileApi", "MobileApi\MobileApi.csproj", "{A31953EE-137A-449A-B247-04F2F45C2C70}"
EndProject
Global
	GlobalSection(SolutionConfigurationPlatforms) = preSolution
		Debug|Any CPU = Debug|Any CPU
		Release|Any CPU = Release|Any CPU
	EndGlobalSection
	GlobalSection(ProjectConfigurationPlatforms) = postSolution
		{2C38A081-7B45-4690-A679-1BEB67238C0E}.Debug|Any CPU.ActiveCfg = Debug|Any CPU
		{2C38A081-7B45-4690-A679-1BEB67238C0E}.Debug|Any CPU.Build.0 = Debug|Any CPU
		{2C38A081-7B45-4690-A679-1BEB67238C0E}.Debug|Any CPU.Deploy.0 = Debug|Any CPU
		{2C38A081-7B45-4690-A679-1BEB67238C0E}.Release|Any CPU.ActiveCfg = Release|Any CPU
		{2C38A081-7B45-4690-A679-1BEB67238C0E}.Release|Any CPU.Build.0 = Release|Any CPU
		{2C38A081-7B45-4690-A679-1BEB67238C0E}.Release|Any CPU.Deploy.0 = Release|Any CPU
		{A31953EE-137A-449A-B247-04F2F45C2C70}.Debug|Any CPU.ActiveCfg = Debug|Any CPU
		{A31953EE-137A-449A-B247-04F2F45C2C70}.Debug|Any CPU.Build.0 = Debug|Any CPU
		{A31953EE-137A-449A-B247-04F2F45C2C70}.Release|Any CPU.ActiveCfg = Release|Any CPU
		{A31953EE-137A-449A-B247-04F2F45C2C70}.Release|Any CPU.Build.0 = Release|Any CPU
	EndGlobalSection
	GlobalSection(SolutionProperties) = preSolution
		HideSolutionNode = FALSE
	EndGlobalSection
	GlobalSection(ExtensibilityGlobals) = postSolution
		SolutionGuid = {BCA29571-E96B-4655-9A2F-8BFA4771A374}
	EndGlobalSection
EndGlobal
